
Microsoft Visual Studio Solution File, Format Version 12.00
# Visual Studio Version 17
VisualStudioVersion = 17.10.35201.131
MinimumVisualStudioVersion = 10.0.40219.1
Project("{2150E333-8FDC-42A3-9474-1A3956D46DE8}") = "Solution Items", "Solution Items", "{47A4F442-5258-4AC2-83D0-7D4063BB4A7D}"
	ProjectSection(SolutionItems) = preProject
		experiments.xfer = experiments.xfer
		LICENSE.txt = LICENSE.txt
		README.md = README.md
		sample.xfer = sample.xfer
		test.xfer = test.xfer
		xfer.bnf = xfer.bnf
		xfertest.xfer = xfertest.xfer
	EndProjectSection
EndProject
Project("{2150E333-8FDC-42A3-9474-1A3956D46DE8}") = "schemas", "schemas", "{99E409EE-BBEC-406C-ACB0-7B4DD2F0B711}"
	ProjectSection(SolutionItems) = preProject
		schemas\address.xfer = schemas\address.xfer
		schemas\blog_post.xfer = schemas\blog_post.xfer
		schemas\blog_post_inline.xfer = schemas\blog_post_inline.xfer
		schemas\person.xfer = schemas\person.xfer
		schemas\user_profile.xfer = schemas\user_profile.xfer
	EndProjectSection
EndProject
Project("{9A19103F-16F7-4668-BE54-9A1E7A4F7556}") = "ParksComputing.Xfer.Lang", "ParksComputing.Xfer.Lang\ParksComputing.Xfer.Lang.csproj", "{636E1065-4C9D-4037-BDF1-57E3139EDCAF}"
EndProject
Project("{9A19103F-16F7-4668-BE54-9A1E7A4F7556}") = "XferTest", "XferTest\XferTest.csproj", "{C2F8A38A-F405-46A4-8132-FF054ED55DFC}"
EndProject
Project("{9A19103F-16F7-4668-BE54-9A1E7A4F7556}") = "xferc", "xferc\xferc.csproj", "{B3146D5B-7DCD-4DD3-B680-5A7F5B3EF5B2}"
EndProject
Project("{9A19103F-16F7-4668-BE54-9A1E7A4F7556}") = "Xfer.Data", "XferService\Xfer.Data\Xfer.Data.csproj", "{2ADAEF07-B433-480D-801C-E32A958EF4E9}"
EndProject
Project("{9A19103F-16F7-4668-BE54-9A1E7A4F7556}") = "Xfer.Service", "XferService\Xfer.Service\Xfer.Service.csproj", "{667703CF-5FF9-43DB-9D12-FBB9B6B4D7FE}"
EndProject
Project("{9A19103F-16F7-4668-BE54-9A1E7A4F7556}") = "Xfer.Client", "XferService\Xfer.Client\Xfer.Client.csproj", "{CBFDB958-3722-4A7B-B8D4-A03CE06A0653}"
EndProject
Global
	GlobalSection(SolutionConfigurationPlatforms) = preSolution
		Debug|Any CPU = Debug|Any CPU
		Release|Any CPU = Release|Any CPU
	EndGlobalSection
	GlobalSection(ProjectConfigurationPlatforms) = postSolution
		{636E1065-4C9D-4037-BDF1-57E3139EDCAF}.Debug|Any CPU.ActiveCfg = Debug|Any CPU
		{636E1065-4C9D-4037-BDF1-57E3139EDCAF}.Debug|Any CPU.Build.0 = Debug|Any CPU
		{636E1065-4C9D-4037-BDF1-57E3139EDCAF}.Release|Any CPU.ActiveCfg = Release|Any CPU
		{636E1065-4C9D-4037-BDF1-57E3139EDCAF}.Release|Any CPU.Build.0 = Release|Any CPU
		{C2F8A38A-F405-46A4-8132-FF054ED55DFC}.Debug|Any CPU.ActiveCfg = Debug|Any CPU
		{C2F8A38A-F405-46A4-8132-FF054ED55DFC}.Debug|Any CPU.Build.0 = Debug|Any CPU
		{C2F8A38A-F405-46A4-8132-FF054ED55DFC}.Release|Any CPU.ActiveCfg = Release|Any CPU
		{C2F8A38A-F405-46A4-8132-FF054ED55DFC}.Release|Any CPU.Build.0 = Release|Any CPU
		{B3146D5B-7DCD-4DD3-B680-5A7F5B3EF5B2}.Debug|Any CPU.ActiveCfg = Debug|Any CPU
		{B3146D5B-7DCD-4DD3-B680-5A7F5B3EF5B2}.Debug|Any CPU.Build.0 = Debug|Any CPU
		{B3146D5B-7DCD-4DD3-B680-5A7F5B3EF5B2}.Release|Any CPU.ActiveCfg = Release|Any CPU
		{B3146D5B-7DCD-4DD3-B680-5A7F5B3EF5B2}.Release|Any CPU.Build.0 = Release|Any CPU
		{2ADAEF07-B433-480D-801C-E32A958EF4E9}.Debug|Any CPU.ActiveCfg = Debug|Any CPU
		{2ADAEF07-B433-480D-801C-E32A958EF4E9}.Debug|Any CPU.Build.0 = Debug|Any CPU
		{2ADAEF07-B433-480D-801C-E32A958EF4E9}.Release|Any CPU.ActiveCfg = Release|Any CPU
		{2ADAEF07-B433-480D-801C-E32A958EF4E9}.Release|Any CPU.Build.0 = Release|Any CPU
		{667703CF-5FF9-43DB-9D12-FBB9B6B4D7FE}.Debug|Any CPU.ActiveCfg = Debug|Any CPU
		{667703CF-5FF9-43DB-9D12-FBB9B6B4D7FE}.Debug|Any CPU.Build.0 = Debug|Any CPU
		{667703CF-5FF9-43DB-9D12-FBB9B6B4D7FE}.Release|Any CPU.ActiveCfg = Release|Any CPU
		{667703CF-5FF9-43DB-9D12-FBB9B6B4D7FE}.Release|Any CPU.Build.0 = Release|Any CPU
		{CBFDB958-3722-4A7B-B8D4-A03CE06A0653}.Debug|Any CPU.ActiveCfg = Debug|Any CPU
		{CBFDB958-3722-4A7B-B8D4-A03CE06A0653}.Debug|Any CPU.Build.0 = Debug|Any CPU
		{CBFDB958-3722-4A7B-B8D4-A03CE06A0653}.Release|Any CPU.ActiveCfg = Release|Any CPU
		{CBFDB958-3722-4A7B-B8D4-A03CE06A0653}.Release|Any CPU.Build.0 = Release|Any CPU
	EndGlobalSection
	GlobalSection(SolutionProperties) = preSolution
		HideSolutionNode = FALSE
	EndGlobalSection
	GlobalSection(NestedProjects) = preSolution
		{99E409EE-BBEC-406C-ACB0-7B4DD2F0B711} = {47A4F442-5258-4AC2-83D0-7D4063BB4A7D}
	EndGlobalSection
	GlobalSection(ExtensibilityGlobals) = postSolution
		SolutionGuid = {598DCE09-FB2A-4599-94B4-4F3FA1B81884}
	EndGlobalSection
EndGlobal
