
Microsoft Visual Studio Solution File, Format Version 12.00
# Visual Studio Version 17
VisualStudioVersion = 17.10.35201.131
MinimumVisualStudioVersion = 10.0.40219.1
Project("{2150E333-8FDC-42A3-9474-1A3956D46DE8}") = "Solution Items", "Solution Items", "{47A4F442-5258-4AC2-83D0-7D4063BB4A7D}"
	ProjectSection(SolutionItems) = preProject
		experiments.xfer = experiments.xfer
		LICENSE.txt = LICENSE.txt
		README.md = README.md
		rowcoltest.xfer = rowcoltest.xfer
		sample.xfer = sample.xfer
		schema.xfer = schema.xfer
		test.xfer = test.xfer
		xfer.bnf = xfer.bnf
	EndProjectSection
EndProject
Project("{9A19103F-16F7-4668-BE54-9A1E7A4F7556}") = "ParksComputing.Xfer", "ParksComputing.Xfer\ParksComputing.Xfer.csproj", "{AA9F7D57-6494-4294-8451-B0B2F8AA1FF6}"
EndProject
Project("{9A19103F-16F7-4668-BE54-9A1E7A4F7556}") = "xferc", "xferc\xferc.csproj", "{0812F3D3-4597-44FE-B034-1C7A98593D77}"
EndProject
Project("{FAE04EC0-301F-11D3-BF4B-00C04F79EFBC}") = "XferTest", "XferTest\XferTest.csproj", "{19679332-F7D5-4056-BB30-D38EE92A47F1}"
EndProject
Global
	GlobalSection(SolutionConfigurationPlatforms) = preSolution
		Debug|Any CPU = Debug|Any CPU
		Release|Any CPU = Release|Any CPU
	EndGlobalSection
	GlobalSection(ProjectConfigurationPlatforms) = postSolution
		{AA9F7D57-6494-4294-8451-B0B2F8AA1FF6}.Debug|Any CPU.ActiveCfg = Debug|Any CPU
		{AA9F7D57-6494-4294-8451-B0B2F8AA1FF6}.Debug|Any CPU.Build.0 = Debug|Any CPU
		{AA9F7D57-6494-4294-8451-B0B2F8AA1FF6}.Release|Any CPU.ActiveCfg = Release|Any CPU
		{AA9F7D57-6494-4294-8451-B0B2F8AA1FF6}.Release|Any CPU.Build.0 = Release|Any CPU
		{0812F3D3-4597-44FE-B034-1C7A98593D77}.Debug|Any CPU.ActiveCfg = Debug|Any CPU
		{0812F3D3-4597-44FE-B034-1C7A98593D77}.Debug|Any CPU.Build.0 = Debug|Any CPU
		{0812F3D3-4597-44FE-B034-1C7A98593D77}.Release|Any CPU.ActiveCfg = Release|Any CPU
		{0812F3D3-4597-44FE-B034-1C7A98593D77}.Release|Any CPU.Build.0 = Release|Any CPU
		{19679332-F7D5-4056-BB30-D38EE92A47F1}.Debug|Any CPU.ActiveCfg = Debug|Any CPU
		{19679332-F7D5-4056-BB30-D38EE92A47F1}.Debug|Any CPU.Build.0 = Debug|Any CPU
		{19679332-F7D5-4056-BB30-D38EE92A47F1}.Release|Any CPU.ActiveCfg = Release|Any CPU
		{19679332-F7D5-4056-BB30-D38EE92A47F1}.Release|Any CPU.Build.0 = Release|Any CPU
	EndGlobalSection
	GlobalSection(SolutionProperties) = preSolution
		HideSolutionNode = FALSE
	EndGlobalSection
	GlobalSection(ExtensibilityGlobals) = postSolution
		SolutionGuid = {598DCE09-FB2A-4599-94B4-4F3FA1B81884}
	EndGlobalSection
EndGlobal
